
Microsoft Visual Studio Solution File, Format Version 12.00
# Visual Studio Version 17
VisualStudioVersion = 17.3.32929.385
MinimumVisualStudioVersion = 10.0.40219.1
Project("{9A19103F-16F7-4668-BE54-9A1E7A4F7556}") = "Examples for WinUI", "Examples for WinUI\Examples for WinUI.csproj", "{F5BDF9DD-C3CC-45C4-B336-212E34D56D2D}"
EndProject
Project("{9A19103F-16F7-4668-BE54-9A1E7A4F7556}") = "HandyValidation", "HandyValidation\HandyValidation.csproj", "{171BEB6B-5517-4BD9-A9E9-01E898F00FAC}"
EndProject
Project("{FAE04EC0-301F-11D3-BF4B-00C04F79EFBC}") = "HandyValidation.Resources for UWP 10.0.16299", "HandyValidation.Resources for UWP 10.0.16299\HandyValidation.Resources for UWP 10.0.16299.csproj", "{464B2362-C2FB-4926-A391-A9BFD6A48564}"
EndProject
Project("{9A19103F-16F7-4668-BE54-9A1E7A4F7556}") = "HandyValidation.Resources for WinUI", "HandyValidation.Resources for WinUI\HandyValidation.Resources for WinUI.csproj", "{4A11BA43-3B51-4112-BB0C-A11EC41CCFAC}"
EndProject
Project("{FAE04EC0-301F-11D3-BF4B-00C04F79EFBC}") = "HandyValidation.UI for UWP 10.0.16299", "HandyValidation.UI for UWP 10.0.16299\HandyValidation.UI for UWP 10.0.16299.csproj", "{A5896998-3D3F-4684-B099-EE8AE194E705}"
EndProject
Project("{9A19103F-16F7-4668-BE54-9A1E7A4F7556}") = "HandyValidation.UI for WinUI", "HandyValidation.UI for WinUI\HandyValidation.UI for WinUI.csproj", "{B0835BCF-0916-445B-9539-FEE33CE11B85}"
EndProject
Project("{FAE04EC0-301F-11D3-BF4B-00C04F79EFBC}") = "Examples for UWP", "Examples for UWP\Examples for UWP.csproj", "{EAABB991-6D78-4F0D-A468-F98BADC30EC6}"
EndProject
Project("{FAE04EC0-301F-11D3-BF4B-00C04F79EFBC}") = "HandyValidation.UI for UWP 10.0.22000", "HandyValidation.UI for UWP 10.0.22000\HandyValidation.UI for UWP 10.0.22000.csproj", "{2FF1A70E-1A7C-4CDC-9173-A0903C19B35E}"
EndProject
Project("{2150E333-8FDC-42A3-9474-1A3956D46DE8}") = "HandyValidation.UI", "HandyValidation.UI", "{0ABAB922-C37D-4129-ADA6-41C30A372042}"
EndProject
Project("{2150E333-8FDC-42A3-9474-1A3956D46DE8}") = "HandyValidation.Resources", "HandyValidation.Resources", "{B1DF5FD2-C6E8-4B46-A2A6-4B24E443F572}"
EndProject
Project("{2150E333-8FDC-42A3-9474-1A3956D46DE8}") = "HandyValidation", "HandyValidation", "{F31977B2-26BE-42E9-B106-8F4455446CBB}"
EndProject
Project("{FAE04EC0-301F-11D3-BF4B-00C04F79EFBC}") = "HandyValidation.UI for UWP 10.0.18362", "HandyValidation.UI for UWP 10.0.18362\HandyValidation.UI for UWP 10.0.18362.csproj", "{F8316EA7-4D89-4528-86CB-51342CC3E346}"
EndProject
Project("{D954291E-2A0B-460D-934E-DC6B0785DB48}") = "HandyValidation.UI", "HandyValidation.UI\HandyValidation.UI.shproj", "{E8FAE24D-C89C-4142-8C82-A41EFD4EAA83}"
EndProject
Project("{FAE04EC0-301F-11D3-BF4B-00C04F79EFBC}") = "Examples for WPF", "Examples for WPF\Examples for WPF.csproj", "{E28245E1-D902-4B29-B4E9-E0AC6EB97F9A}"
EndProject
Project("{FAE04EC0-301F-11D3-BF4B-00C04F79EFBC}") = "HandyValidation.UI for WPF", "HandyValidation.UI for WPF\HandyValidation.UI for WPF.csproj", "{8DF37C29-1690-4654-AB66-B4C01DD58D67}"
EndProject
Global
	GlobalSection(SolutionConfigurationPlatforms) = preSolution
		Debug|Any CPU = Debug|Any CPU
		Debug|ARM = Debug|ARM
		Debug|arm64 = Debug|arm64
		Debug|x64 = Debug|x64
		Debug|x86 = Debug|x86
		Release|Any CPU = Release|Any CPU
		Release|ARM = Release|ARM
		Release|arm64 = Release|arm64
		Release|x64 = Release|x64
		Release|x86 = Release|x86
	EndGlobalSection
	GlobalSection(ProjectConfigurationPlatforms) = postSolution
		{F5BDF9DD-C3CC-45C4-B336-212E34D56D2D}.Debug|Any CPU.ActiveCfg = Debug|x64
		{F5BDF9DD-C3CC-45C4-B336-212E34D56D2D}.Debug|Any CPU.Build.0 = Debug|x64
		{F5BDF9DD-C3CC-45C4-B336-212E34D56D2D}.Debug|Any CPU.Deploy.0 = Debug|x64
		{F5BDF9DD-C3CC-45C4-B336-212E34D56D2D}.Debug|ARM.ActiveCfg = Debug|x64
		{F5BDF9DD-C3CC-45C4-B336-212E34D56D2D}.Debug|ARM.Build.0 = Debug|x64
		{F5BDF9DD-C3CC-45C4-B336-212E34D56D2D}.Debug|ARM.Deploy.0 = Debug|x64
		{F5BDF9DD-C3CC-45C4-B336-212E34D56D2D}.Debug|arm64.ActiveCfg = Debug|arm64
		{F5BDF9DD-C3CC-45C4-B336-212E34D56D2D}.Debug|arm64.Build.0 = Debug|arm64
		{F5BDF9DD-C3CC-45C4-B336-212E34D56D2D}.Debug|arm64.Deploy.0 = Debug|arm64
		{F5BDF9DD-C3CC-45C4-B336-212E34D56D2D}.Debug|x64.ActiveCfg = Debug|x64
		{F5BDF9DD-C3CC-45C4-B336-212E34D56D2D}.Debug|x64.Build.0 = Debug|x64
		{F5BDF9DD-C3CC-45C4-B336-212E34D56D2D}.Debug|x64.Deploy.0 = Debug|x64
		{F5BDF9DD-C3CC-45C4-B336-212E34D56D2D}.Debug|x86.ActiveCfg = Debug|x86
		{F5BDF9DD-C3CC-45C4-B336-212E34D56D2D}.Debug|x86.Build.0 = Debug|x86
		{F5BDF9DD-C3CC-45C4-B336-212E34D56D2D}.Debug|x86.Deploy.0 = Debug|x86
		{F5BDF9DD-C3CC-45C4-B336-212E34D56D2D}.Release|Any CPU.ActiveCfg = Release|x64
		{F5BDF9DD-C3CC-45C4-B336-212E34D56D2D}.Release|Any CPU.Build.0 = Release|x64
		{F5BDF9DD-C3CC-45C4-B336-212E34D56D2D}.Release|Any CPU.Deploy.0 = Release|x64
		{F5BDF9DD-C3CC-45C4-B336-212E34D56D2D}.Release|ARM.ActiveCfg = Release|x64
		{F5BDF9DD-C3CC-45C4-B336-212E34D56D2D}.Release|ARM.Build.0 = Release|x64
		{F5BDF9DD-C3CC-45C4-B336-212E34D56D2D}.Release|ARM.Deploy.0 = Release|x64
		{F5BDF9DD-C3CC-45C4-B336-212E34D56D2D}.Release|arm64.ActiveCfg = Release|arm64
		{F5BDF9DD-C3CC-45C4-B336-212E34D56D2D}.Release|arm64.Build.0 = Release|arm64
		{F5BDF9DD-C3CC-45C4-B336-212E34D56D2D}.Release|arm64.Deploy.0 = Release|arm64
		{F5BDF9DD-C3CC-45C4-B336-212E34D56D2D}.Release|x64.ActiveCfg = Release|x64
		{F5BDF9DD-C3CC-45C4-B336-212E34D56D2D}.Release|x64.Build.0 = Release|x64
		{F5BDF9DD-C3CC-45C4-B336-212E34D56D2D}.Release|x64.Deploy.0 = Release|x64
		{F5BDF9DD-C3CC-45C4-B336-212E34D56D2D}.Release|x86.ActiveCfg = Release|x86
		{F5BDF9DD-C3CC-45C4-B336-212E34D56D2D}.Release|x86.Build.0 = Release|x86
		{F5BDF9DD-C3CC-45C4-B336-212E34D56D2D}.Release|x86.Deploy.0 = Release|x86
		{171BEB6B-5517-4BD9-A9E9-01E898F00FAC}.Debug|Any CPU.ActiveCfg = Debug|Any CPU
		{171BEB6B-5517-4BD9-A9E9-01E898F00FAC}.Debug|Any CPU.Build.0 = Debug|Any CPU
		{171BEB6B-5517-4BD9-A9E9-01E898F00FAC}.Debug|ARM.ActiveCfg = Debug|Any CPU
		{171BEB6B-5517-4BD9-A9E9-01E898F00FAC}.Debug|ARM.Build.0 = Debug|Any CPU
		{171BEB6B-5517-4BD9-A9E9-01E898F00FAC}.Debug|arm64.ActiveCfg = Debug|Any CPU
		{171BEB6B-5517-4BD9-A9E9-01E898F00FAC}.Debug|arm64.Build.0 = Debug|Any CPU
		{171BEB6B-5517-4BD9-A9E9-01E898F00FAC}.Debug|x64.ActiveCfg = Debug|Any CPU
		{171BEB6B-5517-4BD9-A9E9-01E898F00FAC}.Debug|x64.Build.0 = Debug|Any CPU
		{171BEB6B-5517-4BD9-A9E9-01E898F00FAC}.Debug|x86.ActiveCfg = Debug|Any CPU
		{171BEB6B-5517-4BD9-A9E9-01E898F00FAC}.Debug|x86.Build.0 = Debug|Any CPU
		{171BEB6B-5517-4BD9-A9E9-01E898F00FAC}.Release|Any CPU.ActiveCfg = Release|Any CPU
		{171BEB6B-5517-4BD9-A9E9-01E898F00FAC}.Release|Any CPU.Build.0 = Release|Any CPU
		{171BEB6B-5517-4BD9-A9E9-01E898F00FAC}.Release|ARM.ActiveCfg = Release|Any CPU
		{171BEB6B-5517-4BD9-A9E9-01E898F00FAC}.Release|ARM.Build.0 = Release|Any CPU
		{171BEB6B-5517-4BD9-A9E9-01E898F00FAC}.Release|arm64.ActiveCfg = Release|Any CPU
		{171BEB6B-5517-4BD9-A9E9-01E898F00FAC}.Release|arm64.Build.0 = Release|Any CPU
		{171BEB6B-5517-4BD9-A9E9-01E898F00FAC}.Release|x64.ActiveCfg = Release|Any CPU
		{171BEB6B-5517-4BD9-A9E9-01E898F00FAC}.Release|x64.Build.0 = Release|Any CPU
		{171BEB6B-5517-4BD9-A9E9-01E898F00FAC}.Release|x86.ActiveCfg = Release|Any CPU
		{171BEB6B-5517-4BD9-A9E9-01E898F00FAC}.Release|x86.Build.0 = Release|Any CPU
		{464B2362-C2FB-4926-A391-A9BFD6A48564}.Debug|Any CPU.ActiveCfg = Debug|Any CPU
		{464B2362-C2FB-4926-A391-A9BFD6A48564}.Debug|Any CPU.Build.0 = Debug|Any CPU
		{464B2362-C2FB-4926-A391-A9BFD6A48564}.Debug|ARM.ActiveCfg = Debug|ARM
		{464B2362-C2FB-4926-A391-A9BFD6A48564}.Debug|ARM.Build.0 = Debug|ARM
		{464B2362-C2FB-4926-A391-A9BFD6A48564}.Debug|arm64.ActiveCfg = Debug|ARM64
		{464B2362-C2FB-4926-A391-A9BFD6A48564}.Debug|arm64.Build.0 = Debug|ARM64
		{464B2362-C2FB-4926-A391-A9BFD6A48564}.Debug|x64.ActiveCfg = Debug|x64
		{464B2362-C2FB-4926-A391-A9BFD6A48564}.Debug|x64.Build.0 = Debug|x64
		{464B2362-C2FB-4926-A391-A9BFD6A48564}.Debug|x86.ActiveCfg = Debug|x86
		{464B2362-C2FB-4926-A391-A9BFD6A48564}.Debug|x86.Build.0 = Debug|x86
		{464B2362-C2FB-4926-A391-A9BFD6A48564}.Release|Any CPU.ActiveCfg = Release|Any CPU
		{464B2362-C2FB-4926-A391-A9BFD6A48564}.Release|Any CPU.Build.0 = Release|Any CPU
		{464B2362-C2FB-4926-A391-A9BFD6A48564}.Release|ARM.ActiveCfg = Release|ARM
		{464B2362-C2FB-4926-A391-A9BFD6A48564}.Release|ARM.Build.0 = Release|ARM
		{464B2362-C2FB-4926-A391-A9BFD6A48564}.Release|arm64.ActiveCfg = Release|ARM64
		{464B2362-C2FB-4926-A391-A9BFD6A48564}.Release|arm64.Build.0 = Release|ARM64
		{464B2362-C2FB-4926-A391-A9BFD6A48564}.Release|x64.ActiveCfg = Release|x64
		{464B2362-C2FB-4926-A391-A9BFD6A48564}.Release|x64.Build.0 = Release|x64
		{464B2362-C2FB-4926-A391-A9BFD6A48564}.Release|x86.ActiveCfg = Release|x86
		{464B2362-C2FB-4926-A391-A9BFD6A48564}.Release|x86.Build.0 = Release|x86
		{4A11BA43-3B51-4112-BB0C-A11EC41CCFAC}.Debug|Any CPU.ActiveCfg = Debug|Any CPU
		{4A11BA43-3B51-4112-BB0C-A11EC41CCFAC}.Debug|Any CPU.Build.0 = Debug|Any CPU
		{4A11BA43-3B51-4112-BB0C-A11EC41CCFAC}.Debug|ARM.ActiveCfg = Debug|Any CPU
		{4A11BA43-3B51-4112-BB0C-A11EC41CCFAC}.Debug|ARM.Build.0 = Debug|Any CPU
		{4A11BA43-3B51-4112-BB0C-A11EC41CCFAC}.Debug|arm64.ActiveCfg = Debug|Any CPU
		{4A11BA43-3B51-4112-BB0C-A11EC41CCFAC}.Debug|arm64.Build.0 = Debug|Any CPU
		{4A11BA43-3B51-4112-BB0C-A11EC41CCFAC}.Debug|x64.ActiveCfg = Debug|Any CPU
		{4A11BA43-3B51-4112-BB0C-A11EC41CCFAC}.Debug|x64.Build.0 = Debug|Any CPU
		{4A11BA43-3B51-4112-BB0C-A11EC41CCFAC}.Debug|x86.ActiveCfg = Debug|Any CPU
		{4A11BA43-3B51-4112-BB0C-A11EC41CCFAC}.Debug|x86.Build.0 = Debug|Any CPU
		{4A11BA43-3B51-4112-BB0C-A11EC41CCFAC}.Release|Any CPU.ActiveCfg = Release|Any CPU
		{4A11BA43-3B51-4112-BB0C-A11EC41CCFAC}.Release|Any CPU.Build.0 = Release|Any CPU
		{4A11BA43-3B51-4112-BB0C-A11EC41CCFAC}.Release|ARM.ActiveCfg = Release|Any CPU
		{4A11BA43-3B51-4112-BB0C-A11EC41CCFAC}.Release|ARM.Build.0 = Release|Any CPU
		{4A11BA43-3B51-4112-BB0C-A11EC41CCFAC}.Release|arm64.ActiveCfg = Release|Any CPU
		{4A11BA43-3B51-4112-BB0C-A11EC41CCFAC}.Release|arm64.Build.0 = Release|Any CPU
		{4A11BA43-3B51-4112-BB0C-A11EC41CCFAC}.Release|x64.ActiveCfg = Release|Any CPU
		{4A11BA43-3B51-4112-BB0C-A11EC41CCFAC}.Release|x64.Build.0 = Release|Any CPU
		{4A11BA43-3B51-4112-BB0C-A11EC41CCFAC}.Release|x86.ActiveCfg = Release|Any CPU
		{4A11BA43-3B51-4112-BB0C-A11EC41CCFAC}.Release|x86.Build.0 = Release|Any CPU
		{A5896998-3D3F-4684-B099-EE8AE194E705}.Debug|Any CPU.ActiveCfg = Debug|Any CPU
		{A5896998-3D3F-4684-B099-EE8AE194E705}.Debug|Any CPU.Build.0 = Debug|Any CPU
		{A5896998-3D3F-4684-B099-EE8AE194E705}.Debug|ARM.ActiveCfg = Debug|ARM
		{A5896998-3D3F-4684-B099-EE8AE194E705}.Debug|ARM.Build.0 = Debug|ARM
		{A5896998-3D3F-4684-B099-EE8AE194E705}.Debug|arm64.ActiveCfg = Debug|ARM64
		{A5896998-3D3F-4684-B099-EE8AE194E705}.Debug|arm64.Build.0 = Debug|ARM64
		{A5896998-3D3F-4684-B099-EE8AE194E705}.Debug|x64.ActiveCfg = Debug|x64
		{A5896998-3D3F-4684-B099-EE8AE194E705}.Debug|x64.Build.0 = Debug|x64
		{A5896998-3D3F-4684-B099-EE8AE194E705}.Debug|x86.ActiveCfg = Debug|x86
		{A5896998-3D3F-4684-B099-EE8AE194E705}.Debug|x86.Build.0 = Debug|x86
		{A5896998-3D3F-4684-B099-EE8AE194E705}.Release|Any CPU.ActiveCfg = Release|Any CPU
		{A5896998-3D3F-4684-B099-EE8AE194E705}.Release|Any CPU.Build.0 = Release|Any CPU
		{A5896998-3D3F-4684-B099-EE8AE194E705}.Release|ARM.ActiveCfg = Release|ARM
		{A5896998-3D3F-4684-B099-EE8AE194E705}.Release|ARM.Build.0 = Release|ARM
		{A5896998-3D3F-4684-B099-EE8AE194E705}.Release|arm64.ActiveCfg = Release|ARM64
		{A5896998-3D3F-4684-B099-EE8AE194E705}.Release|arm64.Build.0 = Release|ARM64
		{A5896998-3D3F-4684-B099-EE8AE194E705}.Release|x64.ActiveCfg = Release|x64
		{A5896998-3D3F-4684-B099-EE8AE194E705}.Release|x64.Build.0 = Release|x64
		{A5896998-3D3F-4684-B099-EE8AE194E705}.Release|x86.ActiveCfg = Release|x86
		{A5896998-3D3F-4684-B099-EE8AE194E705}.Release|x86.Build.0 = Release|x86
		{B0835BCF-0916-445B-9539-FEE33CE11B85}.Debug|Any CPU.ActiveCfg = Debug|Any CPU
		{B0835BCF-0916-445B-9539-FEE33CE11B85}.Debug|Any CPU.Build.0 = Debug|Any CPU
		{B0835BCF-0916-445B-9539-FEE33CE11B85}.Debug|ARM.ActiveCfg = Debug|Any CPU
		{B0835BCF-0916-445B-9539-FEE33CE11B85}.Debug|ARM.Build.0 = Debug|Any CPU
		{B0835BCF-0916-445B-9539-FEE33CE11B85}.Debug|arm64.ActiveCfg = Debug|Any CPU
		{B0835BCF-0916-445B-9539-FEE33CE11B85}.Debug|arm64.Build.0 = Debug|Any CPU
		{B0835BCF-0916-445B-9539-FEE33CE11B85}.Debug|x64.ActiveCfg = Debug|Any CPU
		{B0835BCF-0916-445B-9539-FEE33CE11B85}.Debug|x64.Build.0 = Debug|Any CPU
		{B0835BCF-0916-445B-9539-FEE33CE11B85}.Debug|x86.ActiveCfg = Debug|Any CPU
		{B0835BCF-0916-445B-9539-FEE33CE11B85}.Debug|x86.Build.0 = Debug|Any CPU
		{B0835BCF-0916-445B-9539-FEE33CE11B85}.Release|Any CPU.ActiveCfg = Release|Any CPU
		{B0835BCF-0916-445B-9539-FEE33CE11B85}.Release|Any CPU.Build.0 = Release|Any CPU
		{B0835BCF-0916-445B-9539-FEE33CE11B85}.Release|ARM.ActiveCfg = Release|Any CPU
		{B0835BCF-0916-445B-9539-FEE33CE11B85}.Release|ARM.Build.0 = Release|Any CPU
		{B0835BCF-0916-445B-9539-FEE33CE11B85}.Release|arm64.ActiveCfg = Release|Any CPU
		{B0835BCF-0916-445B-9539-FEE33CE11B85}.Release|arm64.Build.0 = Release|Any CPU
		{B0835BCF-0916-445B-9539-FEE33CE11B85}.Release|x64.ActiveCfg = Release|Any CPU
		{B0835BCF-0916-445B-9539-FEE33CE11B85}.Release|x64.Build.0 = Release|Any CPU
		{B0835BCF-0916-445B-9539-FEE33CE11B85}.Release|x86.ActiveCfg = Release|Any CPU
		{B0835BCF-0916-445B-9539-FEE33CE11B85}.Release|x86.Build.0 = Release|Any CPU
		{EAABB991-6D78-4F0D-A468-F98BADC30EC6}.Debug|Any CPU.ActiveCfg = Debug|x64
		{EAABB991-6D78-4F0D-A468-F98BADC30EC6}.Debug|Any CPU.Build.0 = Debug|x64
		{EAABB991-6D78-4F0D-A468-F98BADC30EC6}.Debug|Any CPU.Deploy.0 = Debug|x64
		{EAABB991-6D78-4F0D-A468-F98BADC30EC6}.Debug|ARM.ActiveCfg = Debug|ARM
		{EAABB991-6D78-4F0D-A468-F98BADC30EC6}.Debug|ARM.Build.0 = Debug|ARM
		{EAABB991-6D78-4F0D-A468-F98BADC30EC6}.Debug|ARM.Deploy.0 = Debug|ARM
		{EAABB991-6D78-4F0D-A468-F98BADC30EC6}.Debug|arm64.ActiveCfg = Debug|ARM64
		{EAABB991-6D78-4F0D-A468-F98BADC30EC6}.Debug|arm64.Build.0 = Debug|ARM64
		{EAABB991-6D78-4F0D-A468-F98BADC30EC6}.Debug|arm64.Deploy.0 = Debug|ARM64
		{EAABB991-6D78-4F0D-A468-F98BADC30EC6}.Debug|x64.ActiveCfg = Debug|x64
		{EAABB991-6D78-4F0D-A468-F98BADC30EC6}.Debug|x64.Build.0 = Debug|x64
		{EAABB991-6D78-4F0D-A468-F98BADC30EC6}.Debug|x64.Deploy.0 = Debug|x64
		{EAABB991-6D78-4F0D-A468-F98BADC30EC6}.Debug|x86.ActiveCfg = Debug|x86
		{EAABB991-6D78-4F0D-A468-F98BADC30EC6}.Debug|x86.Build.0 = Debug|x86
		{EAABB991-6D78-4F0D-A468-F98BADC30EC6}.Debug|x86.Deploy.0 = Debug|x86
		{EAABB991-6D78-4F0D-A468-F98BADC30EC6}.Release|Any CPU.ActiveCfg = Release|x64
		{EAABB991-6D78-4F0D-A468-F98BADC30EC6}.Release|Any CPU.Build.0 = Release|x64
		{EAABB991-6D78-4F0D-A468-F98BADC30EC6}.Release|Any CPU.Deploy.0 = Release|x64
		{EAABB991-6D78-4F0D-A468-F98BADC30EC6}.Release|ARM.ActiveCfg = Release|ARM
		{EAABB991-6D78-4F0D-A468-F98BADC30EC6}.Release|ARM.Build.0 = Release|ARM
		{EAABB991-6D78-4F0D-A468-F98BADC30EC6}.Release|ARM.Deploy.0 = Release|ARM
		{EAABB991-6D78-4F0D-A468-F98BADC30EC6}.Release|arm64.ActiveCfg = Release|ARM64
		{EAABB991-6D78-4F0D-A468-F98BADC30EC6}.Release|arm64.Build.0 = Release|ARM64
		{EAABB991-6D78-4F0D-A468-F98BADC30EC6}.Release|arm64.Deploy.0 = Release|ARM64
		{EAABB991-6D78-4F0D-A468-F98BADC30EC6}.Release|x64.ActiveCfg = Release|x64
		{EAABB991-6D78-4F0D-A468-F98BADC30EC6}.Release|x64.Build.0 = Release|x64
		{EAABB991-6D78-4F0D-A468-F98BADC30EC6}.Release|x64.Deploy.0 = Release|x64
		{EAABB991-6D78-4F0D-A468-F98BADC30EC6}.Release|x86.ActiveCfg = Release|x86
		{EAABB991-6D78-4F0D-A468-F98BADC30EC6}.Release|x86.Build.0 = Release|x86
		{EAABB991-6D78-4F0D-A468-F98BADC30EC6}.Release|x86.Deploy.0 = Release|x86
		{2FF1A70E-1A7C-4CDC-9173-A0903C19B35E}.Debug|Any CPU.ActiveCfg = Debug|Any CPU
		{2FF1A70E-1A7C-4CDC-9173-A0903C19B35E}.Debug|Any CPU.Build.0 = Debug|Any CPU
		{2FF1A70E-1A7C-4CDC-9173-A0903C19B35E}.Debug|ARM.ActiveCfg = Debug|ARM
		{2FF1A70E-1A7C-4CDC-9173-A0903C19B35E}.Debug|ARM.Build.0 = Debug|ARM
		{2FF1A70E-1A7C-4CDC-9173-A0903C19B35E}.Debug|arm64.ActiveCfg = Debug|ARM64
		{2FF1A70E-1A7C-4CDC-9173-A0903C19B35E}.Debug|arm64.Build.0 = Debug|ARM64
		{2FF1A70E-1A7C-4CDC-9173-A0903C19B35E}.Debug|x64.ActiveCfg = Debug|x64
		{2FF1A70E-1A7C-4CDC-9173-A0903C19B35E}.Debug|x64.Build.0 = Debug|x64
		{2FF1A70E-1A7C-4CDC-9173-A0903C19B35E}.Debug|x86.ActiveCfg = Debug|x86
		{2FF1A70E-1A7C-4CDC-9173-A0903C19B35E}.Debug|x86.Build.0 = Debug|x86
		{2FF1A70E-1A7C-4CDC-9173-A0903C19B35E}.Release|Any CPU.ActiveCfg = Release|Any CPU
		{2FF1A70E-1A7C-4CDC-9173-A0903C19B35E}.Release|Any CPU.Build.0 = Release|Any CPU
		{2FF1A70E-1A7C-4CDC-9173-A0903C19B35E}.Release|ARM.ActiveCfg = Release|ARM
		{2FF1A70E-1A7C-4CDC-9173-A0903C19B35E}.Release|ARM.Build.0 = Release|ARM
		{2FF1A70E-1A7C-4CDC-9173-A0903C19B35E}.Release|arm64.ActiveCfg = Release|ARM64
		{2FF1A70E-1A7C-4CDC-9173-A0903C19B35E}.Release|arm64.Build.0 = Release|ARM64
		{2FF1A70E-1A7C-4CDC-9173-A0903C19B35E}.Release|x64.ActiveCfg = Release|x64
		{2FF1A70E-1A7C-4CDC-9173-A0903C19B35E}.Release|x64.Build.0 = Release|x64
		{2FF1A70E-1A7C-4CDC-9173-A0903C19B35E}.Release|x86.ActiveCfg = Release|x86
		{2FF1A70E-1A7C-4CDC-9173-A0903C19B35E}.Release|x86.Build.0 = Release|x86
		{F8316EA7-4D89-4528-86CB-51342CC3E346}.Debug|Any CPU.ActiveCfg = Debug|Any CPU
		{F8316EA7-4D89-4528-86CB-51342CC3E346}.Debug|Any CPU.Build.0 = Debug|Any CPU
		{F8316EA7-4D89-4528-86CB-51342CC3E346}.Debug|ARM.ActiveCfg = Debug|ARM
		{F8316EA7-4D89-4528-86CB-51342CC3E346}.Debug|ARM.Build.0 = Debug|ARM
		{F8316EA7-4D89-4528-86CB-51342CC3E346}.Debug|arm64.ActiveCfg = Debug|ARM64
		{F8316EA7-4D89-4528-86CB-51342CC3E346}.Debug|arm64.Build.0 = Debug|ARM64
		{F8316EA7-4D89-4528-86CB-51342CC3E346}.Debug|x64.ActiveCfg = Debug|x64
		{F8316EA7-4D89-4528-86CB-51342CC3E346}.Debug|x64.Build.0 = Debug|x64
		{F8316EA7-4D89-4528-86CB-51342CC3E346}.Debug|x86.ActiveCfg = Debug|x86
		{F8316EA7-4D89-4528-86CB-51342CC3E346}.Debug|x86.Build.0 = Debug|x86
		{F8316EA7-4D89-4528-86CB-51342CC3E346}.Release|Any CPU.ActiveCfg = Release|Any CPU
		{F8316EA7-4D89-4528-86CB-51342CC3E346}.Release|Any CPU.Build.0 = Release|Any CPU
		{F8316EA7-4D89-4528-86CB-51342CC3E346}.Release|ARM.ActiveCfg = Release|ARM
		{F8316EA7-4D89-4528-86CB-51342CC3E346}.Release|ARM.Build.0 = Release|ARM
		{F8316EA7-4D89-4528-86CB-51342CC3E346}.Release|arm64.ActiveCfg = Release|ARM64
		{F8316EA7-4D89-4528-86CB-51342CC3E346}.Release|arm64.Build.0 = Release|ARM64
		{F8316EA7-4D89-4528-86CB-51342CC3E346}.Release|x64.ActiveCfg = Release|x64
		{F8316EA7-4D89-4528-86CB-51342CC3E346}.Release|x64.Build.0 = Release|x64
		{F8316EA7-4D89-4528-86CB-51342CC3E346}.Release|x86.ActiveCfg = Release|x86
		{F8316EA7-4D89-4528-86CB-51342CC3E346}.Release|x86.Build.0 = Release|x86
		{E28245E1-D902-4B29-B4E9-E0AC6EB97F9A}.Debug|Any CPU.ActiveCfg = Debug|Any CPU
		{E28245E1-D902-4B29-B4E9-E0AC6EB97F9A}.Debug|Any CPU.Build.0 = Debug|Any CPU
		{E28245E1-D902-4B29-B4E9-E0AC6EB97F9A}.Debug|ARM.ActiveCfg = Debug|Any CPU
		{E28245E1-D902-4B29-B4E9-E0AC6EB97F9A}.Debug|ARM.Build.0 = Debug|Any CPU
		{E28245E1-D902-4B29-B4E9-E0AC6EB97F9A}.Debug|arm64.ActiveCfg = Debug|Any CPU
		{E28245E1-D902-4B29-B4E9-E0AC6EB97F9A}.Debug|arm64.Build.0 = Debug|Any CPU
		{E28245E1-D902-4B29-B4E9-E0AC6EB97F9A}.Debug|x64.ActiveCfg = Debug|Any CPU
		{E28245E1-D902-4B29-B4E9-E0AC6EB97F9A}.Debug|x64.Build.0 = Debug|Any CPU
		{E28245E1-D902-4B29-B4E9-E0AC6EB97F9A}.Debug|x86.ActiveCfg = Debug|Any CPU
		{E28245E1-D902-4B29-B4E9-E0AC6EB97F9A}.Debug|x86.Build.0 = Debug|Any CPU
		{E28245E1-D902-4B29-B4E9-E0AC6EB97F9A}.Release|Any CPU.ActiveCfg = Release|Any CPU
		{E28245E1-D902-4B29-B4E9-E0AC6EB97F9A}.Release|Any CPU.Build.0 = Release|Any CPU
		{E28245E1-D902-4B29-B4E9-E0AC6EB97F9A}.Release|ARM.ActiveCfg = Release|Any CPU
		{E28245E1-D902-4B29-B4E9-E0AC6EB97F9A}.Release|ARM.Build.0 = Release|Any CPU
		{E28245E1-D902-4B29-B4E9-E0AC6EB97F9A}.Release|arm64.ActiveCfg = Release|Any CPU
		{E28245E1-D902-4B29-B4E9-E0AC6EB97F9A}.Release|arm64.Build.0 = Release|Any CPU
		{E28245E1-D902-4B29-B4E9-E0AC6EB97F9A}.Release|x64.ActiveCfg = Release|Any CPU
		{E28245E1-D902-4B29-B4E9-E0AC6EB97F9A}.Release|x64.Build.0 = Release|Any CPU
		{E28245E1-D902-4B29-B4E9-E0AC6EB97F9A}.Release|x86.ActiveCfg = Release|Any CPU
		{E28245E1-D902-4B29-B4E9-E0AC6EB97F9A}.Release|x86.Build.0 = Release|Any CPU
		{8DF37C29-1690-4654-AB66-B4C01DD58D67}.Debug|Any CPU.ActiveCfg = Debug|Any CPU
		{8DF37C29-1690-4654-AB66-B4C01DD58D67}.Debug|Any CPU.Build.0 = Debug|Any CPU
		{8DF37C29-1690-4654-AB66-B4C01DD58D67}.Debug|ARM.ActiveCfg = Debug|Any CPU
		{8DF37C29-1690-4654-AB66-B4C01DD58D67}.Debug|ARM.Build.0 = Debug|Any CPU
		{8DF37C29-1690-4654-AB66-B4C01DD58D67}.Debug|arm64.ActiveCfg = Debug|Any CPU
		{8DF37C29-1690-4654-AB66-B4C01DD58D67}.Debug|arm64.Build.0 = Debug|Any CPU
		{8DF37C29-1690-4654-AB66-B4C01DD58D67}.Debug|x64.ActiveCfg = Debug|Any CPU
		{8DF37C29-1690-4654-AB66-B4C01DD58D67}.Debug|x64.Build.0 = Debug|Any CPU
		{8DF37C29-1690-4654-AB66-B4C01DD58D67}.Debug|x86.ActiveCfg = Debug|Any CPU
		{8DF37C29-1690-4654-AB66-B4C01DD58D67}.Debug|x86.Build.0 = Debug|Any CPU
		{8DF37C29-1690-4654-AB66-B4C01DD58D67}.Release|Any CPU.ActiveCfg = Release|Any CPU
		{8DF37C29-1690-4654-AB66-B4C01DD58D67}.Release|Any CPU.Build.0 = Release|Any CPU
		{8DF37C29-1690-4654-AB66-B4C01DD58D67}.Release|ARM.ActiveCfg = Release|Any CPU
		{8DF37C29-1690-4654-AB66-B4C01DD58D67}.Release|ARM.Build.0 = Release|Any CPU
		{8DF37C29-1690-4654-AB66-B4C01DD58D67}.Release|arm64.ActiveCfg = Release|Any CPU
		{8DF37C29-1690-4654-AB66-B4C01DD58D67}.Release|arm64.Build.0 = Release|Any CPU
		{8DF37C29-1690-4654-AB66-B4C01DD58D67}.Release|x64.ActiveCfg = Release|Any CPU
		{8DF37C29-1690-4654-AB66-B4C01DD58D67}.Release|x64.Build.0 = Release|Any CPU
		{8DF37C29-1690-4654-AB66-B4C01DD58D67}.Release|x86.ActiveCfg = Release|Any CPU
		{8DF37C29-1690-4654-AB66-B4C01DD58D67}.Release|x86.Build.0 = Release|Any CPU
	EndGlobalSection
	GlobalSection(SolutionProperties) = preSolution
		HideSolutionNode = FALSE
	EndGlobalSection
	GlobalSection(NestedProjects) = preSolution
		{171BEB6B-5517-4BD9-A9E9-01E898F00FAC} = {F31977B2-26BE-42E9-B106-8F4455446CBB}
		{464B2362-C2FB-4926-A391-A9BFD6A48564} = {B1DF5FD2-C6E8-4B46-A2A6-4B24E443F572}
		{4A11BA43-3B51-4112-BB0C-A11EC41CCFAC} = {B1DF5FD2-C6E8-4B46-A2A6-4B24E443F572}
		{A5896998-3D3F-4684-B099-EE8AE194E705} = {0ABAB922-C37D-4129-ADA6-41C30A372042}
		{B0835BCF-0916-445B-9539-FEE33CE11B85} = {0ABAB922-C37D-4129-ADA6-41C30A372042}
		{2FF1A70E-1A7C-4CDC-9173-A0903C19B35E} = {0ABAB922-C37D-4129-ADA6-41C30A372042}
		{F8316EA7-4D89-4528-86CB-51342CC3E346} = {0ABAB922-C37D-4129-ADA6-41C30A372042}
		{E8FAE24D-C89C-4142-8C82-A41EFD4EAA83} = {0ABAB922-C37D-4129-ADA6-41C30A372042}
		{8DF37C29-1690-4654-AB66-B4C01DD58D67} = {0ABAB922-C37D-4129-ADA6-41C30A372042}
	EndGlobalSection
	GlobalSection(ExtensibilityGlobals) = postSolution
		SolutionGuid = {EBC548EF-E21E-49CD-A819-76684BF69174}
	EndGlobalSection
	GlobalSection(SharedMSBuildProjectFiles) = preSolution
		HandyValidation.UI\HandyValidation.UI.projitems*{2ff1a70e-1a7c-4cdc-9173-a0903c19b35e}*SharedItemsImports = 4
		HandyValidation.UI\HandyValidation.UI.projitems*{8df37c29-1690-4654-ab66-b4c01dd58d67}*SharedItemsImports = 5
		HandyValidation.UI\HandyValidation.UI.projitems*{a5896998-3d3f-4684-b099-ee8ae194e705}*SharedItemsImports = 4
		HandyValidation.UI\HandyValidation.UI.projitems*{b0835bcf-0916-445b-9539-fee33ce11b85}*SharedItemsImports = 5
		HandyValidation.UI\HandyValidation.UI.projitems*{e8fae24d-c89c-4142-8c82-a41efd4eaa83}*SharedItemsImports = 13
		HandyValidation.UI\HandyValidation.UI.projitems*{f8316ea7-4d89-4528-86cb-51342cc3e346}*SharedItemsImports = 4
	EndGlobalSection
EndGlobal
